
Microsoft Visual Studio Solution File, Format Version 12.00
# Visual Studio 15
VisualStudioVersion = 15.0.27703.2035
MinimumVisualStudioVersion = 10.0.40219.1
Project("{9A19103F-16F7-4668-BE54-9A1E7A4F7556}") = "api", "api\api.csproj", "{2F66C508-A8BB-488F-9DFA-91F879DECCFE}"
EndProject
Project("{9A19103F-16F7-4668-BE54-9A1E7A4F7556}") = "app", "app\app.csproj", "{528667F4-201D-4F35-A282-FBE6DB439F27}"
EndProject
Global
	GlobalSection(SolutionConfigurationPlatforms) = preSolution
		Debug|Any CPU = Debug|Any CPU
		Release|Any CPU = Release|Any CPU
	EndGlobalSection
	GlobalSection(ProjectConfigurationPlatforms) = postSolution
		{2F66C508-A8BB-488F-9DFA-91F879DECCFE}.Debug|Any CPU.ActiveCfg = Debug|Any CPU
		{2F66C508-A8BB-488F-9DFA-91F879DECCFE}.Debug|Any CPU.Build.0 = Debug|Any CPU
		{2F66C508-A8BB-488F-9DFA-91F879DECCFE}.Release|Any CPU.ActiveCfg = Release|Any CPU
		{2F66C508-A8BB-488F-9DFA-91F879DECCFE}.Release|Any CPU.Build.0 = Release|Any CPU
		{528667F4-201D-4F35-A282-FBE6DB439F27}.Debug|Any CPU.ActiveCfg = Debug|Any CPU
		{528667F4-201D-4F35-A282-FBE6DB439F27}.Debug|Any CPU.Build.0 = Debug|Any CPU
		{528667F4-201D-4F35-A282-FBE6DB439F27}.Release|Any CPU.ActiveCfg = Release|Any CPU
		{528667F4-201D-4F35-A282-FBE6DB439F27}.Release|Any CPU.Build.0 = Release|Any CPU
	EndGlobalSection
	GlobalSection(SolutionProperties) = preSolution
		HideSolutionNode = FALSE
	EndGlobalSection
	GlobalSection(ExtensibilityGlobals) = postSolution
		SolutionGuid = {509375A4-781F-4CB5-A989-9D3F0E6D642F}
	EndGlobalSection
EndGlobal
